Microsoft Visual Studio Solution File, Format Version 11.00
# Visual Studio 2008

Project("{3ED6BFB1-AD1D-15F9-4688-1AC9255D93C0}") = "PointCloudViewr", "Assembly-CSharp-vs.csproj", "{49A1F876-32B5-7499-D43A-34F468B883C7}"
EndProject
Global
	GlobalSection(SolutionConfigurationPlatforms) = preSolution
		Debug|Any CPU = Debug|Any CPU
		Release|Any CPU = Release|Any CPU
	EndGlobalSection
	GlobalSection(ProjectConfigurationPlatforms) = postSolution
		{49A1F876-32B5-7499-D43A-34F468B883C7}.Debug|Any CPU.ActiveCfg = Debug|Any CPU
		{49A1F876-32B5-7499-D43A-34F468B883C7}.Debug|Any CPU.Build.0 = Debug|Any CPU
		{49A1F876-32B5-7499-D43A-34F468B883C7}.Release|Any CPU.ActiveCfg = Release|Any CPU
		{49A1F876-32B5-7499-D43A-34F468B883C7}.Release|Any CPU.Build.0 = Release|Any CPU
	EndGlobalSection
	GlobalSection(SolutionProperties) = preSolution
		HideSolutionNode = FALSE
	EndGlobalSection
																																																																																														GlobalSection(MonoDevelopProperties) = preSolution
		StartupItem = Assembly-CSharp.csproj
		Policies = $0
		$0.TextStylePolicy = $1
		$1.inheritsSet = null
		$1.scope = text/x-csharp
		$0.CSharpFormattingPolicy = $2
		$2.inheritsSet = Mono
		$2.inheritsScope = text/x-csharp
		$2.scope = text/x-csharp
		$0.TextStylePolicy = $3
		$3.FileWidth = 120
		$3.TabWidth = 4
		$3.IndentWidth = 4
		$3.EolMarker = Unix
		$3.inheritsSet = Mono
		$3.inheritsScope = text/plain
		$3.scope = text/plain
	EndGlobalSection

EndGlobal
